
Microsoft Visual Studio Solution File, Format Version 12.00
# Visual Studio Version 17
VisualStudioVersion = 17.5.33424.131
MinimumVisualStudioVersion = 10.0.40219.1
Project("{FAE04EC0-301F-11D3-BF4B-00C04F79EFBC}") = "WpfHalsted", "WpfHalsted.csproj", "{4AA23A74-460F-4544-A4C8-1EB7D04DDEA1}"
EndProject
Global
	GlobalSection(SolutionConfigurationPlatforms) = preSolution
		Debug|Any CPU = Debug|Any CPU
		Release|Any CPU = Release|Any CPU
	EndGlobalSection
	GlobalSection(ProjectConfigurationPlatforms) = postSolution
		{4AA23A74-460F-4544-A4C8-1EB7D04DDEA1}.Debug|Any CPU.ActiveCfg = Debug|Any CPU
		{4AA23A74-460F-4544-A4C8-1EB7D04DDEA1}.Debug|Any CPU.Build.0 = Debug|Any CPU
		{4AA23A74-460F-4544-A4C8-1EB7D04DDEA1}.Release|Any CPU.ActiveCfg = Release|Any CPU
		{4AA23A74-460F-4544-A4C8-1EB7D04DDEA1}.Release|Any CPU.Build.0 = Release|Any CPU
	EndGlobalSection
	GlobalSection(SolutionProperties) = preSolution
		HideSolutionNode = FALSE
	EndGlobalSection
	GlobalSection(ExtensibilityGlobals) = postSolution
		SolutionGuid = {B2AE20D5-8473-4CC0-BAC7-5340E069D13C}
	EndGlobalSection
EndGlobal
